
Microsoft Visual Studio Solution File, Format Version 12.00
# Visual Studio Version 17
VisualStudioVersion = 17.7.34031.279
MinimumVisualStudioVersion = 10.0.40219.1
Project("{9A19103F-16F7-4668-BE54-9A1E7A4F7556}") = "Lab4_OOP", "Lab3_OOP\Lab4_OOP.csproj", "{B150DE95-0308-4B7A-9009-5DC0E0737241}"
EndProject
Global
	GlobalSection(SolutionConfigurationPlatforms) = preSolution
		Debug|Any CPU = Debug|Any CPU
		Release|Any CPU = Release|Any CPU
	EndGlobalSection
	GlobalSection(ProjectConfigurationPlatforms) = postSolution
		{B150DE95-0308-4B7A-9009-5DC0E0737241}.Debug|Any CPU.ActiveCfg = Debug|Any CPU
		{B150DE95-0308-4B7A-9009-5DC0E0737241}.Debug|Any CPU.Build.0 = Debug|Any CPU
		{B150DE95-0308-4B7A-9009-5DC0E0737241}.Release|Any CPU.ActiveCfg = Release|Any CPU
		{B150DE95-0308-4B7A-9009-5DC0E0737241}.Release|Any CPU.Build.0 = Release|Any CPU
	EndGlobalSection
	GlobalSection(SolutionProperties) = preSolution
		HideSolutionNode = FALSE
	EndGlobalSection
	GlobalSection(ExtensibilityGlobals) = postSolution
		SolutionGuid = {FF1FF61C-9D0D-4EDE-A53A-C7244BE61DD2}
	EndGlobalSection
EndGlobal
